
Microsoft Visual Studio Solution File, Format Version 12.00
# Visual Studio Version 16
VisualStudioVersion = 16.0.30114.105
MinimumVisualStudioVersion = 10.0.40219.1
Project("{FAE04EC0-301F-11D3-BF4B-00C04F79EFBC}") = "CoffeeShop", "CoffeeShop\CoffeeShop.csproj", "{7C8237B3-8360-4652-8571-AD3EF1B0D933}"
EndProject
Global
	GlobalSection(SolutionConfigurationPlatforms) = preSolution
		Debug|Any CPU = Debug|Any CPU
		Release|Any CPU = Release|Any CPU
	EndGlobalSection
	GlobalSection(ProjectConfigurationPlatforms) = postSolution
		{7C8237B3-8360-4652-8571-AD3EF1B0D933}.Debug|Any CPU.ActiveCfg = Debug|Any CPU
		{7C8237B3-8360-4652-8571-AD3EF1B0D933}.Debug|Any CPU.Build.0 = Debug|Any CPU
		{7C8237B3-8360-4652-8571-AD3EF1B0D933}.Release|Any CPU.ActiveCfg = Release|Any CPU
		{7C8237B3-8360-4652-8571-AD3EF1B0D933}.Release|Any CPU.Build.0 = Release|Any CPU
	EndGlobalSection
	GlobalSection(SolutionProperties) = preSolution
		HideSolutionNode = FALSE
	EndGlobalSection
	GlobalSection(ExtensibilityGlobals) = postSolution
		SolutionGuid = {1D849FB4-234A-484E-9EF8-0FAD238D7EAC}
	EndGlobalSection
EndGlobal
